
Microsoft Visual Studio Solution File, Format Version 12.00
# Visual Studio Version 17
VisualStudioVersion = 17.10.35013.160
MinimumVisualStudioVersion = 10.0.40219.1
Project("{9A19103F-16F7-4668-BE54-9A1E7A4F7556}") = "CardGame.Abstractions", "CardGame.Abstractions\CardGame.Abstractions.csproj", "{2D29B77D-212E-4945-BA4D-E4AD236324C6}"
EndProject
Project("{9A19103F-16F7-4668-BE54-9A1E7A4F7556}") = "Testing", "Testing\Testing.csproj", "{144E6134-79D8-4F40-B5EB-816EA89602DE}"
EndProject
Project("{FAE04EC0-301F-11D3-BF4B-00C04F79EFBC}") = "Hearts", "Hearts\Hearts.csproj", "{F8A13AC1-1FC1-42FD-8236-2D64C3C735AE}"
EndProject
Project("{FAE04EC0-301F-11D3-BF4B-00C04F79EFBC}") = "FoxInTheForest", "FoxInTheForest\FoxInTheForest.csproj", "{4774F918-2B82-48C3-9C12-B88BB53058DC}"
EndProject
Project("{FAE04EC0-301F-11D3-BF4B-00C04F79EFBC}") = "Blazor", "Blazor\Blazor.csproj", "{7FB41F99-F712-43CB-95C3-017244674A4D}"
EndProject
Project("{FAE04EC0-301F-11D3-BF4B-00C04F79EFBC}") = "AppService", "AppService\AppService.csproj", "{571B0E90-0973-4960-B045-851CC4204494}"
EndProject
Global
	GlobalSection(SolutionConfigurationPlatforms) = preSolution
		Debug|Any CPU = Debug|Any CPU
		Release|Any CPU = Release|Any CPU
	EndGlobalSection
	GlobalSection(ProjectConfigurationPlatforms) = postSolution
		{2D29B77D-212E-4945-BA4D-E4AD236324C6}.Debug|Any CPU.ActiveCfg = Debug|Any CPU
		{2D29B77D-212E-4945-BA4D-E4AD236324C6}.Debug|Any CPU.Build.0 = Debug|Any CPU
		{2D29B77D-212E-4945-BA4D-E4AD236324C6}.Release|Any CPU.ActiveCfg = Release|Any CPU
		{2D29B77D-212E-4945-BA4D-E4AD236324C6}.Release|Any CPU.Build.0 = Release|Any CPU
		{144E6134-79D8-4F40-B5EB-816EA89602DE}.Debug|Any CPU.ActiveCfg = Debug|Any CPU
		{144E6134-79D8-4F40-B5EB-816EA89602DE}.Debug|Any CPU.Build.0 = Debug|Any CPU
		{144E6134-79D8-4F40-B5EB-816EA89602DE}.Release|Any CPU.ActiveCfg = Release|Any CPU
		{144E6134-79D8-4F40-B5EB-816EA89602DE}.Release|Any CPU.Build.0 = Release|Any CPU
		{F8A13AC1-1FC1-42FD-8236-2D64C3C735AE}.Debug|Any CPU.ActiveCfg = Debug|Any CPU
		{F8A13AC1-1FC1-42FD-8236-2D64C3C735AE}.Debug|Any CPU.Build.0 = Debug|Any CPU
		{F8A13AC1-1FC1-42FD-8236-2D64C3C735AE}.Release|Any CPU.ActiveCfg = Release|Any CPU
		{F8A13AC1-1FC1-42FD-8236-2D64C3C735AE}.Release|Any CPU.Build.0 = Release|Any CPU
		{4774F918-2B82-48C3-9C12-B88BB53058DC}.Debug|Any CPU.ActiveCfg = Debug|Any CPU
		{4774F918-2B82-48C3-9C12-B88BB53058DC}.Debug|Any CPU.Build.0 = Debug|Any CPU
		{4774F918-2B82-48C3-9C12-B88BB53058DC}.Release|Any CPU.ActiveCfg = Release|Any CPU
		{4774F918-2B82-48C3-9C12-B88BB53058DC}.Release|Any CPU.Build.0 = Release|Any CPU
		{7FB41F99-F712-43CB-95C3-017244674A4D}.Debug|Any CPU.ActiveCfg = Debug|Any CPU
		{7FB41F99-F712-43CB-95C3-017244674A4D}.Debug|Any CPU.Build.0 = Debug|Any CPU
		{7FB41F99-F712-43CB-95C3-017244674A4D}.Release|Any CPU.ActiveCfg = Release|Any CPU
		{7FB41F99-F712-43CB-95C3-017244674A4D}.Release|Any CPU.Build.0 = Release|Any CPU
		{571B0E90-0973-4960-B045-851CC4204494}.Debug|Any CPU.ActiveCfg = Debug|Any CPU
		{571B0E90-0973-4960-B045-851CC4204494}.Debug|Any CPU.Build.0 = Debug|Any CPU
		{571B0E90-0973-4960-B045-851CC4204494}.Release|Any CPU.ActiveCfg = Release|Any CPU
		{571B0E90-0973-4960-B045-851CC4204494}.Release|Any CPU.Build.0 = Release|Any CPU
	EndGlobalSection
	GlobalSection(SolutionProperties) = preSolution
		HideSolutionNode = FALSE
	EndGlobalSection
	GlobalSection(ExtensibilityGlobals) = postSolution
		SolutionGuid = {0222C187-2037-4754-9FDC-E023544E07AB}
	EndGlobalSection
EndGlobal
