
Microsoft Visual Studio Solution File, Format Version 12.00
# Visual Studio Version 17
VisualStudioVersion = 17.10.35013.160
MinimumVisualStudioVersion = 10.0.40219.1
Project("{9A19103F-16F7-4668-BE54-9A1E7A4F7556}") = "CardGame.Abstractions", "CardGame.Abstractions\CardGame.Abstractions.csproj", "{2D29B77D-212E-4945-BA4D-E4AD236324C6}"
EndProject
Project("{9A19103F-16F7-4668-BE54-9A1E7A4F7556}") = "Testing", "Testing\Testing.csproj", "{144E6134-79D8-4F40-B5EB-816EA89602DE}"
EndProject
Project("{9A19103F-16F7-4668-BE54-9A1E7A4F7556}") = "AppService", "AppService\AppService.csproj", "{571B0E90-0973-4960-B045-851CC4204494}"
EndProject
Project("{9A19103F-16F7-4668-BE54-9A1E7A4F7556}") = "BlazorApp", "BlazorApp\BlazorApp.csproj", "{9DE72DC9-6C27-4D46-83C2-30FA4B54BB68}"
EndProject
Project("{9A19103F-16F7-4668-BE54-9A1E7A4F7556}") = "Games.FoxInTheForest", "Games.FoxInTheForest\Games.FoxInTheForest.csproj", "{3C1DFE72-EDB9-4B7E-B542-D246B4C0FDF2}"
EndProject
Project("{9A19103F-16F7-4668-BE54-9A1E7A4F7556}") = "Games.Hearts", "Games.Hearts\Games.Hearts.csproj", "{16993EDA-6C18-472C-A020-7D12922D76D2}"
EndProject
Project("{9A19103F-16F7-4668-BE54-9A1E7A4F7556}") = "Games.Scom", "Games.Scom\Games.Scom.csproj", "{089A3663-CA15-4612-B492-C4A8F7AC03F7}"
EndProject
Global
	GlobalSection(SolutionConfigurationPlatforms) = preSolution
		Debug|Any CPU = Debug|Any CPU
		Release|Any CPU = Release|Any CPU
	EndGlobalSection
	GlobalSection(ProjectConfigurationPlatforms) = postSolution
		{2D29B77D-212E-4945-BA4D-E4AD236324C6}.Debug|Any CPU.ActiveCfg = Debug|Any CPU
		{2D29B77D-212E-4945-BA4D-E4AD236324C6}.Debug|Any CPU.Build.0 = Debug|Any CPU
		{2D29B77D-212E-4945-BA4D-E4AD236324C6}.Release|Any CPU.ActiveCfg = Release|Any CPU
		{2D29B77D-212E-4945-BA4D-E4AD236324C6}.Release|Any CPU.Build.0 = Release|Any CPU
		{144E6134-79D8-4F40-B5EB-816EA89602DE}.Debug|Any CPU.ActiveCfg = Debug|Any CPU
		{144E6134-79D8-4F40-B5EB-816EA89602DE}.Debug|Any CPU.Build.0 = Debug|Any CPU
		{144E6134-79D8-4F40-B5EB-816EA89602DE}.Release|Any CPU.ActiveCfg = Release|Any CPU
		{144E6134-79D8-4F40-B5EB-816EA89602DE}.Release|Any CPU.Build.0 = Release|Any CPU
		{571B0E90-0973-4960-B045-851CC4204494}.Debug|Any CPU.ActiveCfg = Debug|Any CPU
		{571B0E90-0973-4960-B045-851CC4204494}.Debug|Any CPU.Build.0 = Debug|Any CPU
		{571B0E90-0973-4960-B045-851CC4204494}.Release|Any CPU.ActiveCfg = Release|Any CPU
		{571B0E90-0973-4960-B045-851CC4204494}.Release|Any CPU.Build.0 = Release|Any CPU
		{9DE72DC9-6C27-4D46-83C2-30FA4B54BB68}.Debug|Any CPU.ActiveCfg = Debug|Any CPU
		{9DE72DC9-6C27-4D46-83C2-30FA4B54BB68}.Debug|Any CPU.Build.0 = Debug|Any CPU
		{9DE72DC9-6C27-4D46-83C2-30FA4B54BB68}.Release|Any CPU.ActiveCfg = Release|Any CPU
		{9DE72DC9-6C27-4D46-83C2-30FA4B54BB68}.Release|Any CPU.Build.0 = Release|Any CPU
		{3C1DFE72-EDB9-4B7E-B542-D246B4C0FDF2}.Debug|Any CPU.ActiveCfg = Debug|Any CPU
		{3C1DFE72-EDB9-4B7E-B542-D246B4C0FDF2}.Debug|Any CPU.Build.0 = Debug|Any CPU
		{3C1DFE72-EDB9-4B7E-B542-D246B4C0FDF2}.Release|Any CPU.ActiveCfg = Release|Any CPU
		{3C1DFE72-EDB9-4B7E-B542-D246B4C0FDF2}.Release|Any CPU.Build.0 = Release|Any CPU
		{16993EDA-6C18-472C-A020-7D12922D76D2}.Debug|Any CPU.ActiveCfg = Debug|Any CPU
		{16993EDA-6C18-472C-A020-7D12922D76D2}.Debug|Any CPU.Build.0 = Debug|Any CPU
		{16993EDA-6C18-472C-A020-7D12922D76D2}.Release|Any CPU.ActiveCfg = Release|Any CPU
		{16993EDA-6C18-472C-A020-7D12922D76D2}.Release|Any CPU.Build.0 = Release|Any CPU
		{089A3663-CA15-4612-B492-C4A8F7AC03F7}.Debug|Any CPU.ActiveCfg = Debug|Any CPU
		{089A3663-CA15-4612-B492-C4A8F7AC03F7}.Debug|Any CPU.Build.0 = Debug|Any CPU
		{089A3663-CA15-4612-B492-C4A8F7AC03F7}.Release|Any CPU.ActiveCfg = Release|Any CPU
		{089A3663-CA15-4612-B492-C4A8F7AC03F7}.Release|Any CPU.Build.0 = Release|Any CPU
	EndGlobalSection
	GlobalSection(SolutionProperties) = preSolution
		HideSolutionNode = FALSE
	EndGlobalSection
	GlobalSection(ExtensibilityGlobals) = postSolution
		SolutionGuid = {0222C187-2037-4754-9FDC-E023544E07AB}
	EndGlobalSection
EndGlobal
